// !$*UTF8*$!
{
	archiveVersion = 1;
	classes = {
	};
	objectVersion = 48;
	objects = {

/* Begin PBXBuildFile section */
		C38A326C209A1BC500907685 /* OKOWeakMutableArrayTest.m in Sources */ = {isa = PBXBuildFile; fileRef = C38A326B209A1BC500907685 /* OKOWeakMutableArrayTest.m */; };
		C38A326F209B9BDD00907685 /* OKONotificationCentre.m in Sources */ = {isa = PBXBuildFile; fileRef = C38A326E209B9BDD00907685 /* OKONotificationCentre.m */; };
		C38A3271209B9EC700907685 /* NSNotificationCenterTests.m in Sources */ = {isa = PBXBuildFile; fileRef = C38A3270209B9EC700907685 /* NSNotificationCenterTests.m */; };
		C38A3275209CBE8900907685 /* OKOAssociatedWeakArrayTest.m in Sources */ = {isa = PBXBuildFile; fileRef = C38A3274209CBE8900907685 /* OKOAssociatedWeakArrayTest.m */; };
		C38A3277209CBFA300907685 /* OKOArrayComperation.m in Sources */ = {isa = PBXBuildFile; fileRef = C38A3276209CBFA300907685 /* OKOArrayComperation.m */; };
		C3D369F820973FF7003EB7C4 /* OKONotificationCentre.framework in Frameworks */ = {isa = PBXBuildFile; fileRef = C3D369EE20973FF7003EB7C4 /* OKONotificationCentre.framework */; };
		C3D369FD20973FF7003EB7C4 /* CommonNotificationCentreTests.m in Sources */ = {isa = PBXBuildFile; fileRef = C3D369FC20973FF7003EB7C4 /* CommonNotificationCentreTests.m */; };
		C3D369FF20973FF7003EB7C4 /* OKONotificationCentre.h in Headers */ = {isa = PBXBuildFile; fileRef = C3D369F120973FF7003EB7C4 /* OKONotificationCentre.h */; settings = {ATTRIBUTES = (Public, ); }; };
		C3D36A162097434F003EB7C4 /* OKOAssociatedWeakMutableArray.h in Headers */ = {isa = PBXBuildFile; fileRef = C3D36A0B2097434F003EB7C4 /* OKOAssociatedWeakMutableArray.h */; };
		C3D36A172097434F003EB7C4 /* OKOAssociatedWeakMutableArray.m in Sources */ = {isa = PBXBuildFile; fileRef = C3D36A0C2097434F003EB7C4 /* OKOAssociatedWeakMutableArray.m */; };
		C3D36A1D2097434F003EB7C4 /* OKOWeakArrayElementContainer.h in Headers */ = {isa = PBXBuildFile; fileRef = C3D36A0F2097434F003EB7C4 /* OKOWeakArrayElementContainer.h */; };
		C3D36A1E2097434F003EB7C4 /* OKOWeakArrayElementContainer.m in Sources */ = {isa = PBXBuildFile; fileRef = C3D36A102097434F003EB7C4 /* OKOWeakArrayElementContainer.m */; };
		C3D36A202097434F003EB7C4 /* OKOWeakMutableArray.h in Headers */ = {isa = PBXBuildFile; fileRef = C3D36A112097434F003EB7C4 /* OKOWeakMutableArray.h */; };
		C3D36A212097434F003EB7C4 /* OKOWeakMutableArray.m in Sources */ = {isa = PBXBuildFile; fileRef = C3D36A122097434F003EB7C4 /* OKOWeakMutableArray.m */; };
		C3D36A26209743B8003EB7C4 /* OKODeallocMonitor.h in Headers */ = {isa = PBXBuildFile; fileRef = C3D36A24209743B7003EB7C4 /* OKODeallocMonitor.h */; };
		C3D36A27209743B8003EB7C4 /* OKODeallocMonitor.m in Sources */ = {isa = PBXBuildFile; fileRef = C3D36A25209743B8003EB7C4 /* OKODeallocMonitor.m */; };
		C3D36A2B2097448F003EB7C4 /* OKODeallocMonitorObjectTest.m in Sources */ = {isa = PBXBuildFile; fileRef = C3D36A2A2097448F003EB7C4 /* OKODeallocMonitorObjectTest.m */; };
/* End PBXBuildFile section */

/* Begin PBXContainerItemProxy section */
		C3D369F920973FF7003EB7C4 /* PBXContainerItemProxy */ = {
			isa = PBXContainerItemProxy;
			containerPortal = C3D369E520973FF6003EB7C4 /* Project object */;
			proxyType = 1;
			remoteGlobalIDString = C3D369ED20973FF7003EB7C4;
			remoteInfo = OKONotificationCentre;
		};
/* End PBXContainerItemProxy section */

/* Begin PBXFileReference section */
		C38A326B209A1BC500907685 /* OKOWeakMutableArrayTest.m */ = {isa = PBXFileReference; lastKnownFileType = sourcecode.c.objc; path = OKOWeakMutableArrayTest.m; sourceTree = "<group>"; };
		C38A326D209B9A9500907685 /* CommonNotificationCentreTests.h */ = {isa = PBXFileReference; lastKnownFileType = sourcecode.c.h; path = CommonNotificationCentreTests.h; sourceTree = "<group>"; };
		C38A326E209B9BDD00907685 /* OKONotificationCentre.m */ = {isa = PBXFileReference; fileEncoding = 4; lastKnownFileType = sourcecode.c.objc; path = OKONotificationCentre.m; sourceTree = "<group>"; };
		C38A3270209B9EC700907685 /* NSNotificationCenterTests.m */ = {isa = PBXFileReference; lastKnownFileType = sourcecode.c.objc; path = NSNotificationCenterTests.m; sourceTree = "<group>"; };
		C38A3274209CBE8900907685 /* OKOAssociatedWeakArrayTest.m */ = {isa = PBXFileReference; lastKnownFileType = sourcecode.c.objc; path = OKOAssociatedWeakArrayTest.m; sourceTree = "<group>"; };
		C38A3276209CBFA300907685 /* OKOArrayComperation.m */ = {isa = PBXFileReference; lastKnownFileType = sourcecode.c.objc; path = OKOArrayComperation.m; sourceTree = "<group>"; };
		C38A3278209CBFB400907685 /* OKOArrayComperation.h */ = {isa = PBXFileReference; lastKnownFileType = sourcecode.c.h; path = OKOArrayComperation.h; sourceTree = "<group>"; };
		C3D369EE20973FF7003EB7C4 /* OKONotificationCentre.framework */ = {isa = PBXFileReference; explicitFileType = wrapper.framework; includeInIndex = 0; path = OKONotificationCentre.framework; sourceTree = BUILT_PRODUCTS_DIR; };
		C3D369F120973FF7003EB7C4 /* OKONotificationCentre.h */ = {isa = PBXFileReference; lastKnownFileType = sourcecode.c.h; path = OKONotificationCentre.h; sourceTree = "<group>"; };
		C3D369F220973FF7003EB7C4 /* Info.plist */ = {isa = PBXFileReference; lastKnownFileType = text.plist.xml; path = Info.plist; sourceTree = "<group>"; };
		C3D369F720973FF7003EB7C4 /* OKONotificationCentreTests.xctest */ = {isa = PBXFileReference; explicitFileType = wrapper.cfbundle; includeInIndex = 0; path = OKONotificationCentreTests.xctest; sourceTree = BUILT_PRODUCTS_DIR; };
		C3D369FC20973FF7003EB7C4 /* CommonNotificationCentreTests.m */ = {isa = PBXFileReference; lastKnownFileType = sourcecode.c.objc; path = CommonNotificationCentreTests.m; sourceTree = "<group>"; };
		C3D369FE20973FF7003EB7C4 /* Info.plist */ = {isa = PBXFileReference; lastKnownFileType = text.plist.xml; path = Info.plist; sourceTree = "<group>"; };
		C3D36A0B2097434F003EB7C4 /* OKOAssociatedWeakMutableArray.h */ = {isa = PBXFileReference; fileEncoding = 4; lastKnownFileType = sourcecode.c.h; path = OKOAssociatedWeakMutableArray.h; sourceTree = "<group>"; };
		C3D36A0C2097434F003EB7C4 /* OKOAssociatedWeakMutableArray.m */ = {isa = PBXFileReference; fileEncoding = 4; lastKnownFileType = sourcecode.c.objc; path = OKOAssociatedWeakMutableArray.m; sourceTree = "<group>"; };
		C3D36A0F2097434F003EB7C4 /* OKOWeakArrayElementContainer.h */ = {isa = PBXFileReference; fileEncoding = 4; lastKnownFileType = sourcecode.c.h; path = OKOWeakArrayElementContainer.h; sourceTree = "<group>"; };
		C3D36A102097434F003EB7C4 /* OKOWeakArrayElementContainer.m */ = {isa = PBXFileReference; fileEncoding = 4; lastKnownFileType = sourcecode.c.objc; path = OKOWeakArrayElementContainer.m; sourceTree = "<group>"; };
		C3D36A112097434F003EB7C4 /* OKOWeakMutableArray.h */ = {isa = PBXFileReference; fileEncoding = 4; lastKnownFileType = sourcecode.c.h; path = OKOWeakMutableArray.h; sourceTree = "<group>"; };
		C3D36A122097434F003EB7C4 /* OKOWeakMutableArray.m */ = {isa = PBXFileReference; fileEncoding = 4; lastKnownFileType = sourcecode.c.objc; path = OKOWeakMutableArray.m; sourceTree = "<group>"; };
		C3D36A24209743B7003EB7C4 /* OKODeallocMonitor.h */ = {isa = PBXFileReference; fileEncoding = 4; lastKnownFileType = sourcecode.c.h; path = OKODeallocMonitor.h; sourceTree = "<group>"; };
		C3D36A25209743B8003EB7C4 /* OKODeallocMonitor.m */ = {isa = PBXFileReference; fileEncoding = 4; lastKnownFileType = sourcecode.c.objc; path = OKODeallocMonitor.m; sourceTree = "<group>"; };
		C3D36A2A2097448F003EB7C4 /* OKODeallocMonitorObjectTest.m */ = {isa = PBXFileReference; lastKnownFileType = sourcecode.c.objc; path = OKODeallocMonitorObjectTest.m; sourceTree = "<group>"; };
/* End PBXFileReference section */

/* Begin PBXFrameworksBuildPhase section */
		C3D369EA20973FF7003EB7C4 /* Frameworks */ = {
			isa = PBXFrameworksBuildPhase;
			buildActionMask = 2147483647;
			files = (
			);
			runOnlyForDeploymentPostprocessing = 0;
		};
		C3D369F420973FF7003EB7C4 /* Frameworks */ = {
			isa = PBXFrameworksBuildPhase;
			buildActionMask = 2147483647;
			files = (
				C3D369F820973FF7003EB7C4 /* OKONotificationCentre.framework in Frameworks */,
			);
			runOnlyForDeploymentPostprocessing = 0;
		};
/* End PBXFrameworksBuildPhase section */

/* Begin PBXGroup section */
		C38A326A209A1BB000907685 /* OKOMutableWeakArray */ = {
			isa = PBXGroup;
			children = (
				C38A3278209CBFB400907685 /* OKOArrayComperation.h */,
				C38A3276209CBFA300907685 /* OKOArrayComperation.m */,
				C38A326B209A1BC500907685 /* OKOWeakMutableArrayTest.m */,
				C38A3274209CBE8900907685 /* OKOAssociatedWeakArrayTest.m */,
			);
			path = OKOMutableWeakArray;
			sourceTree = "<group>";
		};
		C38A3273209CBCF900907685 /* OKOAssociatedWeakMutableArray */ = {
			isa = PBXGroup;
			children = (
				C3D36A0B2097434F003EB7C4 /* OKOAssociatedWeakMutableArray.h */,
				C3D36A0C2097434F003EB7C4 /* OKOAssociatedWeakMutableArray.m */,
			);
			path = OKOAssociatedWeakMutableArray;
			sourceTree = "<group>";
		};
		C3D369E420973FF6003EB7C4 = {
			isa = PBXGroup;
			children = (
				C3D369F020973FF7003EB7C4 /* OKONotificationCentre */,
				C3D369FB20973FF7003EB7C4 /* OKONotificationCentreTests */,
				C3D369EF20973FF7003EB7C4 /* Products */,
			);
			sourceTree = "<group>";
		};
		C3D369EF20973FF7003EB7C4 /* Products */ = {
			isa = PBXGroup;
			children = (
				C3D369EE20973FF7003EB7C4 /* OKONotificationCentre.framework */,
				C3D369F720973FF7003EB7C4 /* OKONotificationCentreTests.xctest */,
			);
			name = Products;
			sourceTree = "<group>";
		};
		C3D369F020973FF7003EB7C4 /* OKONotificationCentre */ = {
			isa = PBXGroup;
			children = (
				C3D36A2320974380003EB7C4 /* OKOWeakCollections */,
				C3D369F120973FF7003EB7C4 /* OKONotificationCentre.h */,
				C38A326E209B9BDD00907685 /* OKONotificationCentre.m */,
				C3D369F220973FF7003EB7C4 /* Info.plist */,
			);
			path = OKONotificationCentre;
			sourceTree = "<group>";
		};
		C3D369FB20973FF7003EB7C4 /* OKONotificationCentreTests */ = {
			isa = PBXGroup;
			children = (
				C3D36A2920974450003EB7C4 /* OKOWeakCollections */,
				C38A326D209B9A9500907685 /* CommonNotificationCentreTests.h */,
				C3D369FC20973FF7003EB7C4 /* CommonNotificationCentreTests.m */,
				C38A3270209B9EC700907685 /* NSNotificationCenterTests.m */,
				C3D369FE20973FF7003EB7C4 /* Info.plist */,
			);
			path = OKONotificationCentreTests;
			sourceTree = "<group>";
		};
		C3D36A082097434F003EB7C4 /* OKOWeakMutableArray */ = {
			isa = PBXGroup;
			children = (
				C38A3273209CBCF900907685 /* OKOAssociatedWeakMutableArray */,
				C3D36A0F2097434F003EB7C4 /* OKOWeakArrayElementContainer.h */,
				C3D36A102097434F003EB7C4 /* OKOWeakArrayElementContainer.m */,
				C3D36A112097434F003EB7C4 /* OKOWeakMutableArray.h */,
				C3D36A122097434F003EB7C4 /* OKOWeakMutableArray.m */,
			);
			path = OKOWeakMutableArray;
			sourceTree = "<group>";
		};
		C3D36A2320974380003EB7C4 /* OKOWeakCollections */ = {
			isa = PBXGroup;
			children = (
				C3D36A24209743B7003EB7C4 /* OKODeallocMonitor.h */,
				C3D36A25209743B8003EB7C4 /* OKODeallocMonitor.m */,
				C3D36A082097434F003EB7C4 /* OKOWeakMutableArray */,
			);
			path = OKOWeakCollections;
			sourceTree = "<group>";
		};
		C3D36A2920974450003EB7C4 /* OKOWeakCollections */ = {
			isa = PBXGroup;
			children = (
				C38A326A209A1BB000907685 /* OKOMutableWeakArray */,
				C3D36A2A2097448F003EB7C4 /* OKODeallocMonitorObjectTest.m */,
			);
			path = OKOWeakCollections;
			sourceTree = "<group>";
		};
/* End PBXGroup section */

/* Begin PBXHeadersBuildPhase section */
		C3D369EB20973FF7003EB7C4 /* Headers */ = {
			isa = PBXHeadersBuildPhase;
			buildActionMask = 2147483647;
			files = (
				C3D369FF20973FF7003EB7C4 /* OKONotificationCentre.h in Headers */,
				C3D36A202097434F003EB7C4 /* OKOWeakMutableArray.h in Headers */,
				C3D36A1D2097434F003EB7C4 /* OKOWeakArrayElementContainer.h in Headers */,
				C3D36A162097434F003EB7C4 /* OKOAssociatedWeakMutableArray.h in Headers */,
				C3D36A26209743B8003EB7C4 /* OKODeallocMonitor.h in Headers */,
			);
			runOnlyForDeploymentPostprocessing = 0;
		};
/* End PBXHeadersBuildPhase section */

/* Begin PBXNativeTarget section */
		C3D369ED20973FF7003EB7C4 /* OKONotificationCentre */ = {
			isa = PBXNativeTarget;
			buildConfigurationList = C3D36A0220973FF7003EB7C4 /* Build configuration list for PBXNativeTarget "OKONotificationCentre" */;
			buildPhases = (
				C3D369E920973FF7003EB7C4 /* Sources */,
				C3D369EA20973FF7003EB7C4 /* Frameworks */,
				C3D369EB20973FF7003EB7C4 /* Headers */,
				C3D369EC20973FF7003EB7C4 /* Resources */,
			);
			buildRules = (
			);
			dependencies = (
			);
			name = OKONotificationCentre;
			productName = OKONotificationCentre;
			productReference = C3D369EE20973FF7003EB7C4 /* OKONotificationCentre.framework */;
			productType = "com.apple.product-type.framework";
		};
		C3D369F620973FF7003EB7C4 /* OKONotificationCentreTests */ = {
			isa = PBXNativeTarget;
			buildConfigurationList = C3D36A0520973FF7003EB7C4 /* Build configuration list for PBXNativeTarget "OKONotificationCentreTests" */;
			buildPhases = (
				C3D369F320973FF7003EB7C4 /* Sources */,
				C3D369F420973FF7003EB7C4 /* Frameworks */,
				C3D369F520973FF7003EB7C4 /* Resources */,
			);
			buildRules = (
			);
			dependencies = (
				C3D369FA20973FF7003EB7C4 /* PBXTargetDependency */,
			);
			name = OKONotificationCentreTests;
			productName = OKONotificationCentreTests;
			productReference = C3D369F720973FF7003EB7C4 /* OKONotificationCentreTests.xctest */;
			productType = "com.apple.product-type.bundle.unit-test";
		};
/* End PBXNativeTarget section */

/* Begin PBXProject section */
		C3D369E520973FF6003EB7C4 /* Project object */ = {
			isa = PBXProject;
			attributes = {
				LastUpgradeCheck = 0920;
				ORGANIZATIONNAME = okocsis;
				TargetAttributes = {
					C3D369ED20973FF7003EB7C4 = {
						CreatedOnToolsVersion = 9.2;
						ProvisioningStyle = Automatic;
					};
					C3D369F620973FF7003EB7C4 = {
						CreatedOnToolsVersion = 9.2;
						ProvisioningStyle = Automatic;
					};
				};
			};
			buildConfigurationList = C3D369E820973FF6003EB7C4 /* Build configuration list for PBXProject "OKONotificationCentre" */;
			compatibilityVersion = "Xcode 8.0";
			developmentRegion = en;
			hasScannedForEncodings = 0;
			knownRegions = (
				en,
			);
			mainGroup = C3D369E420973FF6003EB7C4;
			productRefGroup = C3D369EF20973FF7003EB7C4 /* Products */;
			projectDirPath = "";
			projectRoot = "";
			targets = (
				C3D369ED20973FF7003EB7C4 /* OKONotificationCentre */,
				C3D369F620973FF7003EB7C4 /* OKONotificationCentreTests */,
			);
		};
/* End PBXProject section */

/* Begin PBXResourcesBuildPhase section */
		C3D369EC20973FF7003EB7C4 /* Resources */ = {
			isa = PBXResourcesBuildPhase;
			buildActionMask = 2147483647;
			files = (
			);
			runOnlyForDeploymentPostprocessing = 0;
		};
		C3D369F520973FF7003EB7C4 /* Resources */ = {
			isa = PBXResourcesBuildPhase;
			buildActionMask = 2147483647;
			files = (
			);
			runOnlyForDeploymentPostprocessing = 0;
		};
/* End PBXResourcesBuildPhase section */

/* Begin PBXSourcesBuildPhase section */
		C3D369E920973FF7003EB7C4 /* Sources */ = {
			isa = PBXSourcesBuildPhase;
			buildActionMask = 2147483647;
			files = (
				C3D36A172097434F003EB7C4 /* OKOAssociatedWeakMutableArray.m in Sources */,
				C3D36A27209743B8003EB7C4 /* OKODeallocMonitor.m in Sources */,
				C3D36A1E2097434F003EB7C4 /* OKOWeakArrayElementContainer.m in Sources */,
				C3D36A212097434F003EB7C4 /* OKOWeakMutableArray.m in Sources */,
				C38A326F209B9BDD00907685 /* OKONotificationCentre.m in Sources */,
			);
			runOnlyForDeploymentPostprocessing = 0;
		};
		C3D369F320973FF7003EB7C4 /* Sources */ = {
			isa = PBXSourcesBuildPhase;
			buildActionMask = 2147483647;
			files = (
				C38A3275209CBE8900907685 /* OKOAssociatedWeakArrayTest.m in Sources */,
				C38A3277209CBFA300907685 /* OKOArrayComperation.m in Sources */,
				C3D36A2B2097448F003EB7C4 /* OKODeallocMonitorObjectTest.m in Sources */,
				C38A326C209A1BC500907685 /* OKOWeakMutableArrayTest.m in Sources */,
				C38A3271209B9EC700907685 /* NSNotificationCenterTests.m in Sources */,
				C3D369FD20973FF7003EB7C4 /* CommonNotificationCentreTests.m in Sources */,
			);
			runOnlyForDeploymentPostprocessing = 0;
		};
/* End PBXSourcesBuildPhase section */

/* Begin PBXTargetDependency section */
		C3D369FA20973FF7003EB7C4 /* PBXTargetDependency */ = {
			isa = PBXTargetDependency;
			target = C3D369ED20973FF7003EB7C4 /* OKONotificationCentre */;
			targetProxy = C3D369F920973FF7003EB7C4 /* PBXContainerItemProxy */;
		};
/* End PBXTargetDependency section */

/* Begin XCBuildConfiguration section */
		C3D36A0020973FF7003EB7C4 /* Debug */ = {
			isa = XCBuildConfiguration;
			buildSettings = {
				ALWAYS_SEARCH_USER_PATHS = NO;
				CLANG_ANALYZER_NONNULL = YES;
				CLANG_ANALYZER_NUMBER_OBJECT_CONVERSION = YES_AGGRESSIVE;
				CLANG_CXX_LANGUAGE_STANDARD = "gnu++14";
				CLANG_CXX_LIBRARY = "libc++";
				CLANG_ENABLE_MODULES = YES;
				CLANG_ENABLE_OBJC_ARC = YES;
				CLANG_WARN_BLOCK_CAPTURE_AUTORELEASING = YES;
				CLANG_WARN_BOOL_CONVERSION = YES;
				CLANG_WARN_COMMA = YES;
				CLANG_WARN_CONSTANT_CONVERSION = YES;
				CLANG_WARN_DIRECT_OBJC_ISA_USAGE = YES_ERROR;
				CLANG_WARN_DOCUMENTATION_COMMENTS = YES;
				CLANG_WARN_EMPTY_BODY = YES;
				CLANG_WARN_ENUM_CONVERSION = YES;
				CLANG_WARN_INFINITE_RECURSION = YES;
				CLANG_WARN_INT_CONVERSION = YES;
				CLANG_WARN_NON_LITERAL_NULL_CONVERSION = YES;
				CLANG_WARN_OBJC_LITERAL_CONVERSION = YES;
				CLANG_WARN_OBJC_ROOT_CLASS = YES_ERROR;
				CLANG_WARN_RANGE_LOOP_ANALYSIS = YES;
				CLANG_WARN_STRICT_PROTOTYPES = YES;
				CLANG_WARN_SUSPICIOUS_MOVE = YES;
				CLANG_WARN_UNGUARDED_AVAILABILITY = YES_AGGRESSIVE;
				CLANG_WARN_UNREACHABLE_CODE = YES;
				CLANG_WARN__DUPLICATE_METHOD_MATCH = YES;
				CODE_SIGN_IDENTITY = "iPhone Developer";
				COPY_PHASE_STRIP = NO;
				CURRENT_PROJECT_VERSION = 1;
				DEBUG_INFORMATION_FORMAT = dwarf;
				ENABLE_STRICT_OBJC_MSGSEND = YES;
				ENABLE_TESTABILITY = YES;
				GCC_C_LANGUAGE_STANDARD = gnu11;
				GCC_DYNAMIC_NO_PIC = NO;
				GCC_NO_COMMON_BLOCKS = YES;
				GCC_OPTIMIZATION_LEVEL = 0;
				GCC_PREPROCESSOR_DEFINITIONS = (
					"DEBUG=1",
					"$(inherited)",
				);
				GCC_WARN_64_TO_32_BIT_CONVERSION = YES;
				GCC_WARN_ABOUT_RETURN_TYPE = YES_ERROR;
				GCC_WARN_UNDECLARED_SELECTOR = YES;
				GCC_WARN_UNINITIALIZED_AUTOS = YES_AGGRESSIVE;
				GCC_WARN_UNUSED_FUNCTION = YES;
				GCC_WARN_UNUSED_VARIABLE = YES;
				IPHONEOS_DEPLOYMENT_TARGET = 11.2;
				MTL_ENABLE_DEBUG_INFO = YES;
				ONLY_ACTIVE_ARCH = YES;
				SDKROOT = iphoneos;
				VERSIONING_SYSTEM = "apple-generic";
				VERSION_INFO_PREFIX = "";
			};
			name = Debug;
		};
		C3D36A0120973FF7003EB7C4 /* Release */ = {
			isa = XCBuildConfiguration;
			buildSettings = {
				ALWAYS_SEARCH_USER_PATHS = NO;
				CLANG_ANALYZER_NONNULL = YES;
				CLANG_ANALYZER_NUMBER_OBJECT_CONVERSION = YES_AGGRESSIVE;
				CLANG_CXX_LANGUAGE_STANDARD = "gnu++14";
				CLANG_CXX_LIBRARY = "libc++";
				CLANG_ENABLE_MODULES = YES;
				CLANG_ENABLE_OBJC_ARC = YES;
				CLANG_WARN_BLOCK_CAPTURE_AUTORELEASING = YES;
				CLANG_WARN_BOOL_CONVERSION = YES;
				CLANG_WARN_COMMA = YES;
				CLANG_WARN_CONSTANT_CONVERSION = YES;
				CLANG_WARN_DIRECT_OBJC_ISA_USAGE = YES_ERROR;
				CLANG_WARN_DOCUMENTATION_COMMENTS = YES;
				CLANG_WARN_EMPTY_BODY = YES;
				CLANG_WARN_ENUM_CONVERSION = YES;
				CLANG_WARN_INFINITE_RECURSION = YES;
				CLANG_WARN_INT_CONVERSION = YES;
				CLANG_WARN_NON_LITERAL_NULL_CONVERSION = YES;
				CLANG_WARN_OBJC_LITERAL_CONVERSION = YES;
				CLANG_WARN_OBJC_ROOT_CLASS = YES_ERROR;
				CLANG_WARN_RANGE_LOOP_ANALYSIS = YES;
				CLANG_WARN_STRICT_PROTOTYPES = YES;
				CLANG_WARN_SUSPICIOUS_MOVE = YES;
				CLANG_WARN_UNGUARDED_AVAILABILITY = YES_AGGRESSIVE;
				CLANG_WARN_UNREACHABLE_CODE = YES;
				CLANG_WARN__DUPLICATE_METHOD_MATCH = YES;
				CODE_SIGN_IDENTITY = "iPhone Developer";
				COPY_PHASE_STRIP = NO;
				CURRENT_PROJECT_VERSION = 1;
				DEBUG_INFORMATION_FORMAT = "dwarf-with-dsym";
				ENABLE_NS_ASSERTIONS = NO;
				ENABLE_STRICT_OBJC_MSGSEND = YES;
				GCC_C_LANGUAGE_STANDARD = gnu11;
				GCC_NO_COMMON_BLOCKS = YES;
				GCC_WARN_64_TO_32_BIT_CONVERSION = YES;
				GCC_WARN_ABOUT_RETURN_TYPE = YES_ERROR;
				GCC_WARN_UNDECLARED_SELECTOR = YES;
				GCC_WARN_UNINITIALIZED_AUTOS = YES_AGGRESSIVE;
				GCC_WARN_UNUSED_FUNCTION = YES;
				GCC_WARN_UNUSED_VARIABLE = YES;
				IPHONEOS_DEPLOYMENT_TARGET = 11.2;
				MTL_ENABLE_DEBUG_INFO = NO;
				SDKROOT = iphoneos;
				VALIDATE_PRODUCT = YES;
				VERSIONING_SYSTEM = "apple-generic";
				VERSION_INFO_PREFIX = "";
			};
			name = Release;
		};
		C3D36A0320973FF7003EB7C4 /* Debug */ = {
			isa = XCBuildConfiguration;
			buildSettings = {
				CODE_SIGN_IDENTITY = "";
				CODE_SIGN_STYLE = Automatic;
				DEFINES_MODULE = YES;
				DEVELOPMENT_TEAM = JZ99RP95GM;
				DYLIB_COMPATIBILITY_VERSION = 1;
				DYLIB_CURRENT_VERSION = 1;
				DYLIB_INSTALL_NAME_BASE = "@rpath";
				INFOPLIST_FILE = OKONotificationCentre/Info.plist;
				INSTALL_PATH = "$(LOCAL_LIBRARY_DIR)/Frameworks";
				LD_RUNPATH_SEARCH_PATHS = "$(inherited) @executable_path/Frameworks @loader_path/Frameworks";
				PRODUCT_BUNDLE_IDENTIFIER = okocsis.OKONotificationCentre;
				PRODUCT_NAME = "$(TARGET_NAME:c99extidentifier)";
				SKIP_INSTALL = YES;
				TARGETED_DEVICE_FAMILY = "1,2";
			};
			name = Debug;
		};
		C3D36A0420973FF7003EB7C4 /* Release */ = {
			isa = XCBuildConfiguration;
			buildSettings = {
				CODE_SIGN_IDENTITY = "";
				CODE_SIGN_STYLE = Automatic;
				DEFINES_MODULE = YES;
				DEVELOPMENT_TEAM = JZ99RP95GM;
				DYLIB_COMPATIBILITY_VERSION = 1;
				DYLIB_CURRENT_VERSION = 1;
				DYLIB_INSTALL_NAME_BASE = "@rpath";
				INFOPLIST_FILE = OKONotificationCentre/Info.plist;
				INSTALL_PATH = "$(LOCAL_LIBRARY_DIR)/Frameworks";
				LD_RUNPATH_SEARCH_PATHS = "$(inherited) @executable_path/Frameworks @loader_path/Frameworks";
				PRODUCT_BUNDLE_IDENTIFIER = okocsis.OKONotificationCentre;
				PRODUCT_NAME = "$(TARGET_NAME:c99extidentifier)";
				SKIP_INSTALL = YES;
				TARGETED_DEVICE_FAMILY = "1,2";
			};
			name = Release;
		};
		C3D36A0620973FF7003EB7C4 /* Debug */ = {
			isa = XCBuildConfiguration;
			buildSettings = {
				CODE_SIGN_STYLE = Automatic;
				DEVELOPMENT_TEAM = JZ99RP95GM;
				INFOPLIST_FILE = OKONotificationCentreTests/Info.plist;
				LD_RUNPATH_SEARCH_PATHS = "$(inherited) @executable_path/Frameworks @loader_path/Frameworks";
				PRODUCT_BUNDLE_IDENTIFIER = okocsis.OKONotificationCentreTests;
				PRODUCT_NAME = "$(TARGET_NAME)";
				TARGETED_DEVICE_FAMILY = "1,2";
			};
			name = Debug;
		};
		C3D36A0720973FF7003EB7C4 /* Release */ = {
			isa = XCBuildConfiguration;
			buildSettings = {
				CODE_SIGN_STYLE = Automatic;
				DEVELOPMENT_TEAM = JZ99RP95GM;
				INFOPLIST_FILE = OKONotificationCentreTests/Info.plist;
				LD_RUNPATH_SEARCH_PATHS = "$(inherited) @executable_path/Frameworks @loader_path/Frameworks";
				PRODUCT_BUNDLE_IDENTIFIER = okocsis.OKONotificationCentreTests;
				PRODUCT_NAME = "$(TARGET_NAME)";
				TARGETED_DEVICE_FAMILY = "1,2";
			};
			name = Release;
		};
/* End XCBuildConfiguration section */

/* Begin XCConfigurationList section */
		C3D369E820973FF6003EB7C4 /* Build configuration list for PBXProject "OKONotificationCentre" */ = {
			isa = XCConfigurationList;
			buildConfigurations = (
				C3D36A0020973FF7003EB7C4 /* Debug */,
				C3D36A0120973FF7003EB7C4 /* Release */,
			);
			defaultConfigurationIsVisible = 0;
			defaultConfigurationName = Release;
		};
		C3D36A0220973FF7003EB7C4 /* Build configuration list for PBXNativeTarget "OKONotificationCentre" */ = {
			isa = XCConfigurationList;
			buildConfigurations = (
				C3D36A0320973FF7003EB7C4 /* Debug */,
				C3D36A0420973FF7003EB7C4 /* Release */,
			);
			defaultConfigurationIsVisible = 0;
			defaultConfigurationName = Release;
		};
		C3D36A0520973FF7003EB7C4 /* Build configuration list for PBXNativeTarget "OKONotificationCentreTests" */ = {
			isa = XCConfigurationList;
			buildConfigurations = (
				C3D36A0620973FF7003EB7C4 /* Debug */,
				C3D36A0720973FF7003EB7C4 /* Release */,
			);
			defaultConfigurationIsVisible = 0;
			defaultConfigurationName = Release;
		};
/* End XCConfigurationList section */
	};
	rootObject = C3D369E520973FF6003EB7C4 /* Project object */;
}
